
Microsoft Visual Studio Solution File, Format Version 12.00
# Visual Studio Version 16
VisualStudioVersion = 16.0.30611.23
MinimumVisualStudioVersion = 10.0.40219.1
Project("{FAE04EC0-301F-11D3-BF4B-00C04F79EFBC}") = "Database", "Database.csproj", "{92C7A13F-920E-47EB-905A-2F89F3E057AA}"
EndProject
Global
	GlobalSection(SolutionConfigurationPlatforms) = preSolution
		Debug|Any CPU = Debug|Any CPU
		Release|Any CPU = Release|Any CPU
	EndGlobalSection
	GlobalSection(ProjectConfigurationPlatforms) = postSolution
		{92C7A13F-920E-47EB-905A-2F89F3E057AA}.Debug|Any CPU.ActiveCfg = Debug|Any CPU
		{92C7A13F-920E-47EB-905A-2F89F3E057AA}.Debug|Any CPU.Build.0 = Debug|Any CPU
		{92C7A13F-920E-47EB-905A-2F89F3E057AA}.Release|Any CPU.ActiveCfg = Release|Any CPU
		{92C7A13F-920E-47EB-905A-2F89F3E057AA}.Release|Any CPU.Build.0 = Release|Any CPU
	EndGlobalSection
	GlobalSection(SolutionProperties) = preSolution
		HideSolutionNode = FALSE
	EndGlobalSection
	GlobalSection(ExtensibilityGlobals) = postSolution
		SolutionGuid = {0091062A-09E0-44B8-81A1-24745FD53D5B}
	EndGlobalSection
EndGlobal
